{
  "version": 4,
  "terraform_version": "1.7.3",
  "serial": 1,
  "lineage": "8a0dcd56-70ea-1600-c2ed-b08b51483589",
  "outputs": {},
  "resources": [
    {
      "mode": "managed",
      "type": "local_file",
      "name": "devopshp",
      "provider": "provider[\"registry.terraform.io/hashicorp/local\"]",
      "instances": [
        {
          "schema_version": 0,
          "attributes": {
            "content": "I will become a devops engineer who knows terraform",
            "content_base64": null,
            "content_base64sha256": "t/s9jFLU/mR8iSz8RajtahrMY9bLvqqtNtk2mdU2udg=",
            "content_base64sha512": "5LEM0KEhUYFWWw1RJzE4JLQhZQqNJA/AxQSWQrOo/06o2O9nwCq2V/ZpbCQ9LQwzEWBgFqy9jOpFjqY3jI5UgA==",
            "content_md5": "ff43fadbcc11154ca4ff9c88f9fa7bdc",
            "content_sha1": "144774dd1710bdc58b63932b63f318376a79722c",
            "content_sha256": "b7fb3d8c52d4fe647c892cfc45a8ed6a1acc63d6cbbeaaad36d93699d536b9d8",
            "content_sha512": "e4b10cd0a1215181565b0d5127313824b421650a8d240fc0c5049642b3a8ff4ea8d8ef67c02ab657f6696c243d2d0c3311606016acbd8cea458ea6378c8e5480",
            "directory_permission": "0777",
            "file_permission": "0777",
            "filename": "/home/ubuntu/localterraform/devops_asus.txt",
            "id": "144774dd1710bdc58b63932b63f318376a79722c",
            "sensitive_content": null,
            "source": null
          },
          "sensitive_attributes": []
        }
      ]
    }
  ],
  "check_results": null
}
